// !$*UTF8*$!
{
	archiveVersion = 1;
	classes = {
	};
	objectVersion = 50;
	objects = {

/* Begin PBXBuildFile section */
		012F673F24596DD1009F1711 /* BMI.swift in Sources */ = {isa = PBXBuildFile; fileRef = 012F673E24596DD1009F1711 /* BMI.swift */; };
		01945DE7244ED5500003978A /* AppDelegate.swift in Sources */ = {isa = PBXBuildFile; fileRef = 01945DE6244ED5500003978A /* AppDelegate.swift */; };
		01945DE9244ED5500003978A /* SceneDelegate.swift in Sources */ = {isa = PBXBuildFile; fileRef = 01945DE8244ED5500003978A /* SceneDelegate.swift */; };
		01945DEE244ED5500003978A /* Main.storyboard in Resources */ = {isa = PBXBuildFile; fileRef = 01945DEC244ED5500003978A /* Main.storyboard */; };
		01945DF0244ED5520003978A /* Assets.xcassets in Resources */ = {isa = PBXBuildFile; fileRef = 01945DEF244ED5520003978A /* Assets.xcassets */; };
		01945DF3244ED5520003978A /* LaunchScreen.storyboard in Resources */ = {isa = PBXBuildFile; fileRef = 01945DF1244ED5520003978A /* LaunchScreen.storyboard */; };
		01A5E53024568DBF00EC8D49 /* BMIBrain.swift in Sources */ = {isa = PBXBuildFile; fileRef = 01A5E52F24568DBF00EC8D49 /* BMIBrain.swift */; };
		01AE6D6724584690000C2936 /* ResultViewController.swift in Sources */ = {isa = PBXBuildFile; fileRef = 01AE6D6624584690000C2936 /* ResultViewController.swift */; };
		01AE6D6D24586F48000C2936 /* FirstViewController.swift in Sources */ = {isa = PBXBuildFile; fileRef = 01AE6D6C24586F48000C2936 /* FirstViewController.swift */; };
/* End PBXBuildFile section */

/* Begin PBXFileReference section */
		012F673E24596DD1009F1711 /* BMI.swift */ = {isa = PBXFileReference; lastKnownFileType = sourcecode.swift; path = BMI.swift; sourceTree = "<group>"; };
		01945DE3244ED5500003978A /* BMI Calculator.app */ = {isa = PBXFileReference; explicitFileType = wrapper.application; includeInIndex = 0; path = "BMI Calculator.app"; sourceTree = BUILT_PRODUCTS_DIR; };
		01945DE6244ED5500003978A /* AppDelegate.swift */ = {isa = PBXFileReference; lastKnownFileType = sourcecode.swift; path = AppDelegate.swift; sourceTree = "<group>"; };
		01945DE8244ED5500003978A /* SceneDelegate.swift */ = {isa = PBXFileReference; lastKnownFileType = sourcecode.swift; path = SceneDelegate.swift; sourceTree = "<group>"; };
		01945DED244ED5500003978A /* Base */ = {isa = PBXFileReference; lastKnownFileType = file.storyboard; name = Base; path = Base.lproj/Main.storyboard; sourceTree = "<group>"; };
		01945DEF244ED5520003978A /* Assets.xcassets */ = {isa = PBXFileReference; lastKnownFileType = folder.assetcatalog; path = Assets.xcassets; sourceTree = "<group>"; };
		01945DF2244ED5520003978A /* Base */ = {isa = PBXFileReference; lastKnownFileType = file.storyboard; name = Base; path = Base.lproj/LaunchScreen.storyboard; sourceTree = "<group>"; };
		01945DF4244ED5520003978A /* Info.plist */ = {isa = PBXFileReference; lastKnownFileType = text.plist.xml; path = Info.plist; sourceTree = "<group>"; };
		01A5E52F24568DBF00EC8D49 /* BMIBrain.swift */ = {isa = PBXFileReference; lastKnownFileType = sourcecode.swift; path = BMIBrain.swift; sourceTree = "<group>"; };
		01AE6D6624584690000C2936 /* ResultViewController.swift */ = {isa = PBXFileReference; lastKnownFileType = sourcecode.swift; path = ResultViewController.swift; sourceTree = "<group>"; };
		01AE6D6C24586F48000C2936 /* FirstViewController.swift */ = {isa = PBXFileReference; fileEncoding = 4; lastKnownFileType = sourcecode.swift; path = FirstViewController.swift; sourceTree = "<group>"; };
/* End PBXFileReference section */

/* Begin PBXFrameworksBuildPhase section */
		01945DE0244ED5500003978A /* Frameworks */ = {
			isa = PBXFrameworksBuildPhase;
			buildActionMask = 2147483647;
			files = (
			);
			runOnlyForDeploymentPostprocessing = 0;
		};
/* End PBXFrameworksBuildPhase section */

/* Begin PBXGroup section */
		01945DDA244ED5500003978A = {
			isa = PBXGroup;
			children = (
				01945DE5244ED5500003978A /* BMI Calculator */,
				01945DE4244ED5500003978A /* Products */,
			);
			sourceTree = "<group>";
		};
		01945DE4244ED5500003978A /* Products */ = {
			isa = PBXGroup;
			children = (
				01945DE3244ED5500003978A /* BMI Calculator.app */,
			);
			name = Products;
			sourceTree = "<group>";
		};
		01945DE5244ED5500003978A /* BMI Calculator */ = {
			isa = PBXGroup;
			children = (
				01A5E53124568DC900EC8D49 /* Model */,
				01A5E52D24568D7C00EC8D49 /* View */,
				01A5E52E24568D8600EC8D49 /* Controller */,
				01945DEF244ED5520003978A /* Assets.xcassets */,
				01945DF1244ED5520003978A /* LaunchScreen.storyboard */,
				01945DF4244ED5520003978A /* Info.plist */,
				01945DE6244ED5500003978A /* AppDelegate.swift */,
				01945DE8244ED5500003978A /* SceneDelegate.swift */,
			);
			path = "BMI Calculator";
			sourceTree = "<group>";
		};
		01A5E52D24568D7C00EC8D49 /* View */ = {
			isa = PBXGroup;
			children = (
				01945DEC244ED5500003978A /* Main.storyboard */,
			);
			path = View;
			sourceTree = "<group>";
		};
		01A5E52E24568D8600EC8D49 /* Controller */ = {
			isa = PBXGroup;
			children = (
				01AE6D6C24586F48000C2936 /* FirstViewController.swift */,
				01AE6D6624584690000C2936 /* ResultViewController.swift */,
			);
			path = Controller;
			sourceTree = "<group>";
		};
		01A5E53124568DC900EC8D49 /* Model */ = {
			isa = PBXGroup;
			children = (
				01A5E52F24568DBF00EC8D49 /* BMIBrain.swift */,
				012F673E24596DD1009F1711 /* BMI.swift */,
			);
			path = Model;
			sourceTree = "<group>";
		};
/* End PBXGroup section */

/* Begin PBXNativeTarget section */
		01945DE2244ED5500003978A /* BMI Calculator */ = {
			isa = PBXNativeTarget;
			buildConfigurationList = 01945DF7244ED5520003978A /* Build configuration list for PBXNativeTarget "BMI Calculator" */;
			buildPhases = (
				01945DDF244ED5500003978A /* Sources */,
				01945DE0244ED5500003978A /* Frameworks */,
				01945DE1244ED5500003978A /* Resources */,
			);
			buildRules = (
			);
			dependencies = (
			);
			name = "BMI Calculator";
			productName = "BMI Calculator";
			productReference = 01945DE3244ED5500003978A /* BMI Calculator.app */;
			productType = "com.apple.product-type.application";
		};
/* End PBXNativeTarget section */

/* Begin PBXProject section */
		01945DDB244ED5500003978A /* Project object */ = {
			isa = PBXProject;
			attributes = {
				LastSwiftUpdateCheck = 1140;
				LastUpgradeCheck = 1310;
				ORGANIZATIONNAME = "Nick Marchuk";
				TargetAttributes = {
					01945DE2244ED5500003978A = {
						CreatedOnToolsVersion = 11.4.1;
					};
				};
			};
			buildConfigurationList = 01945DDE244ED5500003978A /* Build configuration list for PBXProject "BMI Calculator" */;
			compatibilityVersion = "Xcode 9.3";
			developmentRegion = en;
			hasScannedForEncodings = 0;
			knownRegions = (
				en,
				Base,
			);
			mainGroup = 01945DDA244ED5500003978A;
			productRefGroup = 01945DE4244ED5500003978A /* Products */;
			projectDirPath = "";
			projectRoot = "";
			targets = (
				01945DE2244ED5500003978A /* BMI Calculator */,
			);
		};
/* End PBXProject section */

/* Begin PBXResourcesBuildPhase section */
		01945DE1244ED5500003978A /* Resources */ = {
			isa = PBXResourcesBuildPhase;
			buildActionMask = 2147483647;
			files = (
				01945DF3244ED5520003978A /* LaunchScreen.storyboard in Resources */,
				01945DF0244ED5520003978A /* Assets.xcassets in Resources */,
				01945DEE244ED5500003978A /* Main.storyboard in Resources */,
			);
			runOnlyForDeploymentPostprocessing = 0;
		};
/* End PBXResourcesBuildPhase section */

/* Begin PBXSourcesBuildPhase section */
		01945DDF244ED5500003978A /* Sources */ = {
			isa = PBXSourcesBuildPhase;
			buildActionMask = 2147483647;
			files = (
				01AE6D6724584690000C2936 /* ResultViewController.swift in Sources */,
				01A5E53024568DBF00EC8D49 /* BMIBrain.swift in Sources */,
				01AE6D6D24586F48000C2936 /* FirstViewController.swift in Sources */,
				01945DE7244ED5500003978A /* AppDelegate.swift in Sources */,
				012F673F24596DD1009F1711 /* BMI.swift in Sources */,
				01945DE9244ED5500003978A /* SceneDelegate.swift in Sources */,
			);
			runOnlyForDeploymentPostprocessing = 0;
		};
/* End PBXSourcesBuildPhase section */

/* Begin PBXVariantGroup section */
		01945DEC244ED5500003978A /* Main.storyboard */ = {
			isa = PBXVariantGroup;
			children = (
				01945DED244ED5500003978A /* Base */,
			);
			name = Main.storyboard;
			sourceTree = "<group>";
		};
		01945DF1244ED5520003978A /* LaunchScreen.storyboard */ = {
			isa = PBXVariantGroup;
			children = (
				01945DF2244ED5520003978A /* Base */,
			);
			name = LaunchScreen.storyboard;
			sourceTree = "<group>";
		};
/* End PBXVariantGroup section */

/* Begin XCBuildConfiguration section */
		01945DF5244ED5520003978A /* Debug */ = {
			isa = XCBuildConfiguration;
			buildSettings = {
				ALWAYS_SEARCH_USER_PATHS = NO;
				CLANG_ANALYZER_NONNULL = YES;
				CLANG_ANALYZER_NUMBER_OBJECT_CONVERSION = YES_AGGRESSIVE;
				CLANG_CXX_LANGUAGE_STANDARD = "gnu++14";
				CLANG_CXX_LIBRARY = "libc++";
				CLANG_ENABLE_MODULES = YES;
				CLANG_ENABLE_OBJC_ARC = YES;
				CLANG_ENABLE_OBJC_WEAK = YES;
				CLANG_WARN_BLOCK_CAPTURE_AUTORELEASING = YES;
				CLANG_WARN_BOOL_CONVERSION = YES;
				CLANG_WARN_COMMA = YES;
				CLANG_WARN_CONSTANT_CONVERSION = YES;
				CLANG_WARN_DEPRECATED_OBJC_IMPLEMENTATIONS = YES;
				CLANG_WARN_DIRECT_OBJC_ISA_USAGE = YES_ERROR;
				CLANG_WARN_DOCUMENTATION_COMMENTS = YES;
				CLANG_WARN_EMPTY_BODY = YES;
				CLANG_WARN_ENUM_CONVERSION = YES;
				CLANG_WARN_INFINITE_RECURSION = YES;
				CLANG_WARN_INT_CONVERSION = YES;
				CLANG_WARN_NON_LITERAL_NULL_CONVERSION = YES;
				CLANG_WARN_OBJC_IMPLICIT_RETAIN_SELF = YES;
				CLANG_WARN_OBJC_LITERAL_CONVERSION = YES;
				CLANG_WARN_OBJC_ROOT_CLASS = YES_ERROR;
				CLANG_WARN_QUOTED_INCLUDE_IN_FRAMEWORK_HEADER = YES;
				CLANG_WARN_RANGE_LOOP_ANALYSIS = YES;
				CLANG_WARN_STRICT_PROTOTYPES = YES;
				CLANG_WARN_SUSPICIOUS_MOVE = YES;
				CLANG_WARN_UNGUARDED_AVAILABILITY = YES_AGGRESSIVE;
				CLANG_WARN_UNREACHABLE_CODE = YES;
				CLANG_WARN__DUPLICATE_METHOD_MATCH = YES;
				COPY_PHASE_STRIP = NO;
				DEBUG_INFORMATION_FORMAT = dwarf;
				ENABLE_STRICT_OBJC_MSGSEND = YES;
				ENABLE_TESTABILITY = YES;
				GCC_C_LANGUAGE_STANDARD = gnu11;
				GCC_DYNAMIC_NO_PIC = NO;
				GCC_NO_COMMON_BLOCKS = YES;
				GCC_OPTIMIZATION_LEVEL = 0;
				GCC_PREPROCESSOR_DEFINITIONS = (
					"DEBUG=1",
					"$(inherited)",
				);
				GCC_WARN_64_TO_32_BIT_CONVERSION = YES;
				GCC_WARN_ABOUT_RETURN_TYPE = YES_ERROR;
				GCC_WARN_UNDECLARED_SELECTOR = YES;
				GCC_WARN_UNINITIALIZED_AUTOS = YES_AGGRESSIVE;
				GCC_WARN_UNUSED_FUNCTION = YES;
				GCC_WARN_UNUSED_VARIABLE = YES;
				IPHONEOS_DEPLOYMENT_TARGET = 13.4;
				MTL_ENABLE_DEBUG_INFO = INCLUDE_SOURCE;
				MTL_FAST_MATH = YES;
				ONLY_ACTIVE_ARCH = YES;
				SDKROOT = iphoneos;
				SWIFT_ACTIVE_COMPILATION_CONDITIONS = DEBUG;
				SWIFT_OPTIMIZATION_LEVEL = "-Onone";
			};
			name = Debug;
		};
		01945DF6244ED5520003978A /* Release */ = {
			isa = XCBuildConfiguration;
			buildSettings = {
				ALWAYS_SEARCH_USER_PATHS = NO;
				CLANG_ANALYZER_NONNULL = YES;
				CLANG_ANALYZER_NUMBER_OBJECT_CONVERSION = YES_AGGRESSIVE;
				CLANG_CXX_LANGUAGE_STANDARD = "gnu++14";
				CLANG_CXX_LIBRARY = "libc++";
				CLANG_ENABLE_MODULES = YES;
				CLANG_ENABLE_OBJC_ARC = YES;
				CLANG_ENABLE_OBJC_WEAK = YES;
				CLANG_WARN_BLOCK_CAPTURE_AUTORELEASING = YES;
				CLANG_WARN_BOOL_CONVERSION = YES;
				CLANG_WARN_COMMA = YES;
				CLANG_WARN_CONSTANT_CONVERSION = YES;
				CLANG_WARN_DEPRECATED_OBJC_IMPLEMENTATIONS = YES;
				CLANG_WARN_DIRECT_OBJC_ISA_USAGE = YES_ERROR;
				CLANG_WARN_DOCUMENTATION_COMMENTS = YES;
				CLANG_WARN_EMPTY_BODY = YES;
				CLANG_WARN_ENUM_CONVERSION = YES;
				CLANG_WARN_INFINITE_RECURSION = YES;
				CLANG_WARN_INT_CONVERSION = YES;
				CLANG_WARN_NON_LITERAL_NULL_CONVERSION = YES;
				CLANG_WARN_OBJC_IMPLICIT_RETAIN_SELF = YES;
				CLANG_WARN_OBJC_LITERAL_CONVERSION = YES;
				CLANG_WARN_OBJC_ROOT_CLASS = YES_ERROR;
				CLANG_WARN_QUOTED_INCLUDE_IN_FRAMEWORK_HEADER = YES;
				CLANG_WARN_RANGE_LOOP_ANALYSIS = YES;
				CLANG_WARN_STRICT_PROTOTYPES = YES;
				CLANG_WARN_SUSPICIOUS_MOVE = YES;
				CLANG_WARN_UNGUARDED_AVAILABILITY = YES_AGGRESSIVE;
				CLANG_WARN_UNREACHABLE_CODE = YES;
				CLANG_WARN__DUPLICATE_METHOD_MATCH = YES;
				COPY_PHASE_STRIP = NO;
				DEBUG_INFORMATION_FORMAT = "dwarf-with-dsym";
				ENABLE_NS_ASSERTIONS = NO;
				ENABLE_STRICT_OBJC_MSGSEND = YES;
				GCC_C_LANGUAGE_STANDARD = gnu11;
				GCC_NO_COMMON_BLOCKS = YES;
				GCC_WARN_64_TO_32_BIT_CONVERSION = YES;
				GCC_WARN_ABOUT_RETURN_TYPE = YES_ERROR;
				GCC_WARN_UNDECLARED_SELECTOR = YES;
				GCC_WARN_UNINITIALIZED_AUTOS = YES_AGGRESSIVE;
				GCC_WARN_UNUSED_FUNCTION = YES;
				GCC_WARN_UNUSED_VARIABLE = YES;
				IPHONEOS_DEPLOYMENT_TARGET = 13.4;
				MTL_ENABLE_DEBUG_INFO = NO;
				MTL_FAST_MATH = YES;
				SDKROOT = iphoneos;
				SWIFT_COMPILATION_MODE = wholemodule;
				SWIFT_OPTIMIZATION_LEVEL = "-O";
				VALIDATE_PRODUCT = YES;
			};
			name = Release;
		};
		01945DF8244ED5520003978A /* Debug */ = {
			isa = XCBuildConfiguration;
			buildSettings = {
				ASSETCATALOG_COMPILER_APPICON_NAME = AppIcon;
				CODE_SIGN_STYLE = Automatic;
				DEVELOPMENT_TEAM = Z6Y4S3J9C8;
				INFOPLIST_FILE = "BMI Calculator/Info.plist";
				LD_RUNPATH_SEARCH_PATHS = (
					"$(inherited)",
					"@executable_path/Frameworks",
				);
				PRODUCT_BUNDLE_IDENTIFIER = "com.appmineral.BMI-Calculator";
				PRODUCT_NAME = "$(TARGET_NAME)";
				SWIFT_VERSION = 5.0;
				TARGETED_DEVICE_FAMILY = "1,2";
			};
			name = Debug;
		};
		01945DF9244ED5520003978A /* Release */ = {
			isa = XCBuildConfiguration;
			buildSettings = {
				ASSETCATALOG_COMPILER_APPICON_NAME = AppIcon;
				CODE_SIGN_STYLE = Automatic;
				DEVELOPMENT_TEAM = Z6Y4S3J9C8;
				INFOPLIST_FILE = "BMI Calculator/Info.plist";
				LD_RUNPATH_SEARCH_PATHS = (
					"$(inherited)",
					"@executable_path/Frameworks",
				);
				PRODUCT_BUNDLE_IDENTIFIER = "com.appmineral.BMI-Calculator";
				PRODUCT_NAME = "$(TARGET_NAME)";
				SWIFT_VERSION = 5.0;
				TARGETED_DEVICE_FAMILY = "1,2";
			};
			name = Release;
		};
/* End XCBuildConfiguration section */

/* Begin XCConfigurationList section */
		01945DDE244ED5500003978A /* Build configuration list for PBXProject "BMI Calculator" */ = {
			isa = XCConfigurationList;
			buildConfigurations = (
				01945DF5244ED5520003978A /* Debug */,
				01945DF6244ED5520003978A /* Release */,
			);
			defaultConfigurationIsVisible = 0;
			defaultConfigurationName = Release;
		};
		01945DF7244ED5520003978A /* Build configuration list for PBXNativeTarget "BMI Calculator" */ = {
			isa = XCConfigurationList;
			buildConfigurations = (
				01945DF8244ED5520003978A /* Debug */,
				01945DF9244ED5520003978A /* Release */,
			);
			defaultConfigurationIsVisible = 0;
			defaultConfigurationName = Release;
		};
/* End XCConfigurationList section */
	};
	rootObject = 01945DDB244ED5500003978A /* Project object */;
}
